
Microsoft Visual Studio Solution File, Format Version 12.00
# Visual Studio 2013
VisualStudioVersion = 12.0.31010.0
MinimumVisualStudioVersion = 10.0.40219.1
Project("{FAE04EC0-301F-11D3-BF4B-00C04F79EFBC}") = "VeriBank.Web", "VeriBank.Web\VeriBank.Web.csproj", "{C79A263F-B184-40B8-92E9-A0376ABB863D}"
EndProject
Project("{FAE04EC0-301F-11D3-BF4B-00C04F79EFBC}") = "VeriBank.Business.Transactions", "VeriBank.Business.Transactions\VeriBank.Business.Transactions.csproj", "{AC4272A0-34BD-402B-9303-7C4E8189DDE6}"
EndProject
Project("{FAE04EC0-301F-11D3-BF4B-00C04F79EFBC}") = "VeriBank.Business.Transactions.Infrastructure", "VeriBank.Business.Transactions.Infrastructure\VeriBank.Business.Transactions.Infrastructure.csproj", "{FC86F508-3697-488B-9377-9C0334B0688F}"
EndProject
Project("{FAE04EC0-301F-11D3-BF4B-00C04F79EFBC}") = "VeriBank.Business.Transactions.Managers", "VeriBank.Business.Transactions.Managers\VeriBank.Business.Transactions.Managers.csproj", "{0A351384-C6A9-4579-85CB-1E901D7B014B}"
EndProject
Global
	GlobalSection(SolutionConfigurationPlatforms) = preSolution
		Debug|Any CPU = Debug|Any CPU
		Release|Any CPU = Release|Any CPU
	EndGlobalSection
	GlobalSection(ProjectConfigurationPlatforms) = postSolution
		{C79A263F-B184-40B8-92E9-A0376ABB863D}.Debug|Any CPU.ActiveCfg = Debug|Any CPU
		{C79A263F-B184-40B8-92E9-A0376ABB863D}.Debug|Any CPU.Build.0 = Debug|Any CPU
		{C79A263F-B184-40B8-92E9-A0376ABB863D}.Release|Any CPU.ActiveCfg = Release|Any CPU
		{C79A263F-B184-40B8-92E9-A0376ABB863D}.Release|Any CPU.Build.0 = Release|Any CPU
		{AC4272A0-34BD-402B-9303-7C4E8189DDE6}.Debug|Any CPU.ActiveCfg = Debug|Any CPU
		{AC4272A0-34BD-402B-9303-7C4E8189DDE6}.Debug|Any CPU.Build.0 = Debug|Any CPU
		{AC4272A0-34BD-402B-9303-7C4E8189DDE6}.Release|Any CPU.ActiveCfg = Release|Any CPU
		{AC4272A0-34BD-402B-9303-7C4E8189DDE6}.Release|Any CPU.Build.0 = Release|Any CPU
		{FC86F508-3697-488B-9377-9C0334B0688F}.Debug|Any CPU.ActiveCfg = Debug|Any CPU
		{FC86F508-3697-488B-9377-9C0334B0688F}.Debug|Any CPU.Build.0 = Debug|Any CPU
		{FC86F508-3697-488B-9377-9C0334B0688F}.Release|Any CPU.ActiveCfg = Release|Any CPU
		{FC86F508-3697-488B-9377-9C0334B0688F}.Release|Any CPU.Build.0 = Release|Any CPU
		{0A351384-C6A9-4579-85CB-1E901D7B014B}.Debug|Any CPU.ActiveCfg = Debug|Any CPU
		{0A351384-C6A9-4579-85CB-1E901D7B014B}.Debug|Any CPU.Build.0 = Debug|Any CPU
		{0A351384-C6A9-4579-85CB-1E901D7B014B}.Release|Any CPU.ActiveCfg = Release|Any CPU
		{0A351384-C6A9-4579-85CB-1E901D7B014B}.Release|Any CPU.Build.0 = Release|Any CPU
	EndGlobalSection
	GlobalSection(SolutionProperties) = preSolution
		HideSolutionNode = FALSE
	EndGlobalSection
EndGlobal
